// !$*UTF8*$!
{
	archiveVersion = 1;
	classes = {
	};
	objectVersion = 46;
	objects = {

/* Begin PBXBuildFile section */
		334BB19B181E14C7001E75A0 /* Foundation.framework in Frameworks */ = {isa = PBXBuildFile; fileRef = 334BB19A181E14C7001E75A0 /* Foundation.framework */; };
		334BB19D181E14C7001E75A0 /* CoreGraphics.framework in Frameworks */ = {isa = PBXBuildFile; fileRef = 334BB19C181E14C7001E75A0 /* CoreGraphics.framework */; };
		334BB19F181E14C7001E75A0 /* UIKit.framework in Frameworks */ = {isa = PBXBuildFile; fileRef = 334BB19E181E14C7001E75A0 /* UIKit.framework */; };
		334BB1A1181E14C7001E75A0 /* CoreData.framework in Frameworks */ = {isa = PBXBuildFile; fileRef = 334BB1A0181E14C7001E75A0 /* CoreData.framework */; };
		334BB1A7181E14C7001E75A0 /* InfoPlist.strings in Resources */ = {isa = PBXBuildFile; fileRef = 334BB1A5181E14C7001E75A0 /* InfoPlist.strings */; };
		334BB1A9181E14C7001E75A0 /* main.m in Sources */ = {isa = PBXBuildFile; fileRef = 334BB1A8181E14C7001E75A0 /* main.m */; };
		334BB1AD181E14C7001E75A0 /* QDOAppDelegate.m in Sources */ = {isa = PBXBuildFile; fileRef = 334BB1AC181E14C7001E75A0 /* QDOAppDelegate.m */; };
		334BB1B0181E14C7001E75A0 /* Q_Do.xcdatamodeld in Sources */ = {isa = PBXBuildFile; fileRef = 334BB1AE181E14C7001E75A0 /* Q_Do.xcdatamodeld */; };
		334BB1B2181E14C7001E75A0 /* Images.xcassets in Resources */ = {isa = PBXBuildFile; fileRef = 334BB1B1181E14C7001E75A0 /* Images.xcassets */; };
		334BB1B9181E14C7001E75A0 /* XCTest.framework in Frameworks */ = {isa = PBXBuildFile; fileRef = 334BB1B8181E14C7001E75A0 /* XCTest.framework */; };
		334BB1BA181E14C7001E75A0 /* Foundation.framework in Frameworks */ = {isa = PBXBuildFile; fileRef = 334BB19A181E14C7001E75A0 /* Foundation.framework */; };
		334BB1BB181E14C7001E75A0 /* UIKit.framework in Frameworks */ = {isa = PBXBuildFile; fileRef = 334BB19E181E14C7001E75A0 /* UIKit.framework */; };
		334BB1BC181E14C7001E75A0 /* CoreData.framework in Frameworks */ = {isa = PBXBuildFile; fileRef = 334BB1A0181E14C7001E75A0 /* CoreData.framework */; };
		334BB1C4181E14C7001E75A0 /* InfoPlist.strings in Resources */ = {isa = PBXBuildFile; fileRef = 334BB1C2181E14C7001E75A0 /* InfoPlist.strings */; };
		334BB1C6181E14C7001E75A0 /* Q_DoTests.m in Sources */ = {isa = PBXBuildFile; fileRef = 334BB1C5181E14C7001E75A0 /* Q_DoTests.m */; };
		334BB1D0181E14D9001E75A0 /* Main.storyboard in Resources */ = {isa = PBXBuildFile; fileRef = 334BB1CF181E14D9001E75A0 /* Main.storyboard */; };
/* End PBXBuildFile section */

/* Begin PBXContainerItemProxy section */
		334BB1BD181E14C7001E75A0 /* PBXContainerItemProxy */ = {
			isa = PBXContainerItemProxy;
			containerPortal = 334BB18F181E14C7001E75A0 /* Project object */;
			proxyType = 1;
			remoteGlobalIDString = 334BB196181E14C7001E75A0;
			remoteInfo = "Q-Do";
		};
/* End PBXContainerItemProxy section */

/* Begin PBXFileReference section */
		334BB197181E14C7001E75A0 /* Q-Do.app */ = {isa = PBXFileReference; explicitFileType = wrapper.application; includeInIndex = 0; path = "Q-Do.app"; sourceTree = BUILT_PRODUCTS_DIR; };
		334BB19A181E14C7001E75A0 /* Foundation.framework */ = {isa = PBXFileReference; lastKnownFileType = wrapper.framework; name = Foundation.framework; path = System/Library/Frameworks/Foundation.framework; sourceTree = SDKROOT; };
		334BB19C181E14C7001E75A0 /* CoreGraphics.framework */ = {isa = PBXFileReference; lastKnownFileType = wrapper.framework; name = CoreGraphics.framework; path = System/Library/Frameworks/CoreGraphics.framework; sourceTree = SDKROOT; };
		334BB19E181E14C7001E75A0 /* UIKit.framework */ = {isa = PBXFileReference; lastKnownFileType = wrapper.framework; name = UIKit.framework; path = System/Library/Frameworks/UIKit.framework; sourceTree = SDKROOT; };
		334BB1A0181E14C7001E75A0 /* CoreData.framework */ = {isa = PBXFileReference; lastKnownFileType = wrapper.framework; name = CoreData.framework; path = System/Library/Frameworks/CoreData.framework; sourceTree = SDKROOT; };
		334BB1A4181E14C7001E75A0 /* Q-Do-Info.plist */ = {isa = PBXFileReference; lastKnownFileType = text.plist.xml; path = "Q-Do-Info.plist"; sourceTree = "<group>"; };
		334BB1A6181E14C7001E75A0 /* en */ = {isa = PBXFileReference; lastKnownFileType = text.plist.strings; name = en; path = en.lproj/InfoPlist.strings; sourceTree = "<group>"; };
		334BB1A8181E14C7001E75A0 /* main.m */ = {isa = PBXFileReference; lastKnownFileType = sourcecode.c.objc; path = main.m; sourceTree = "<group>"; };
		334BB1AA181E14C7001E75A0 /* Q-Do-Prefix.pch */ = {isa = PBXFileReference; lastKnownFileType = sourcecode.c.h; path = "Q-Do-Prefix.pch"; sourceTree = "<group>"; };
		334BB1AB181E14C7001E75A0 /* QDOAppDelegate.h */ = {isa = PBXFileReference; lastKnownFileType = sourcecode.c.h; path = QDOAppDelegate.h; sourceTree = "<group>"; };
		334BB1AC181E14C7001E75A0 /* QDOAppDelegate.m */ = {isa = PBXFileReference; lastKnownFileType = sourcecode.c.objc; path = QDOAppDelegate.m; sourceTree = "<group>"; };
		334BB1AF181E14C7001E75A0 /* Q_Do.xcdatamodel */ = {isa = PBXFileReference; lastKnownFileType = wrapper.xcdatamodel; path = Q_Do.xcdatamodel; sourceTree = "<group>"; };
		334BB1B1181E14C7001E75A0 /* Images.xcassets */ = {isa = PBXFileReference; lastKnownFileType = folder.assetcatalog; path = Images.xcassets; sourceTree = "<group>"; };
		334BB1B7181E14C7001E75A0 /* Q-DoTests.xctest */ = {isa = PBXFileReference; explicitFileType = wrapper.cfbundle; includeInIndex = 0; path = "Q-DoTests.xctest"; sourceTree = BUILT_PRODUCTS_DIR; };
		334BB1B8181E14C7001E75A0 /* XCTest.framework */ = {isa = PBXFileReference; lastKnownFileType = wrapper.framework; name = XCTest.framework; path = Library/Frameworks/XCTest.framework; sourceTree = DEVELOPER_DIR; };
		334BB1C1181E14C7001E75A0 /* Q-DoTests-Info.plist */ = {isa = PBXFileReference; lastKnownFileType = text.plist.xml; path = "Q-DoTests-Info.plist"; sourceTree = "<group>"; };
		334BB1C3181E14C7001E75A0 /* en */ = {isa = PBXFileReference; lastKnownFileType = text.plist.strings; name = en; path = en.lproj/InfoPlist.strings; sourceTree = "<group>"; };
		334BB1C5181E14C7001E75A0 /* Q_DoTests.m */ = {isa = PBXFileReference; lastKnownFileType = sourcecode.c.objc; path = Q_DoTests.m; sourceTree = "<group>"; };
		334BB1CF181E14D9001E75A0 /* Main.storyboard */ = {isa = PBXFileReference; fileEncoding = 4; lastKnownFileType = file.storyboard; path = Main.storyboard; sourceTree = "<group>"; };
/* End PBXFileReference section */

/* Begin PBXFrameworksBuildPhase section */
		334BB194181E14C7001E75A0 /* Frameworks */ = {
			isa = PBXFrameworksBuildPhase;
			buildActionMask = 2147483647;
			files = (
				334BB19D181E14C7001E75A0 /* CoreGraphics.framework in Frameworks */,
				334BB1A1181E14C7001E75A0 /* CoreData.framework in Frameworks */,
				334BB19F181E14C7001E75A0 /* UIKit.framework in Frameworks */,
				334BB19B181E14C7001E75A0 /* Foundation.framework in Frameworks */,
			);
			runOnlyForDeploymentPostprocessing = 0;
		};
		334BB1B4181E14C7001E75A0 /* Frameworks */ = {
			isa = PBXFrameworksBuildPhase;
			buildActionMask = 2147483647;
			files = (
				334BB1B9181E14C7001E75A0 /* XCTest.framework in Frameworks */,
				334BB1BC181E14C7001E75A0 /* CoreData.framework in Frameworks */,
				334BB1BB181E14C7001E75A0 /* UIKit.framework in Frameworks */,
				334BB1BA181E14C7001E75A0 /* Foundation.framework in Frameworks */,
			);
			runOnlyForDeploymentPostprocessing = 0;
		};
/* End PBXFrameworksBuildPhase section */

/* Begin PBXGroup section */
		334BB18E181E14C7001E75A0 = {
			isa = PBXGroup;
			children = (
				334BB1CF181E14D9001E75A0 /* Main.storyboard */,
				334BB1A2181E14C7001E75A0 /* Q-Do */,
				334BB1BF181E14C7001E75A0 /* Q-DoTests */,
				334BB199181E14C7001E75A0 /* Frameworks */,
				334BB198181E14C7001E75A0 /* Products */,
			);
			sourceTree = "<group>";
		};
		334BB198181E14C7001E75A0 /* Products */ = {
			isa = PBXGroup;
			children = (
				334BB197181E14C7001E75A0 /* Q-Do.app */,
				334BB1B7181E14C7001E75A0 /* Q-DoTests.xctest */,
			);
			name = Products;
			sourceTree = "<group>";
		};
		334BB199181E14C7001E75A0 /* Frameworks */ = {
			isa = PBXGroup;
			children = (
				334BB19A181E14C7001E75A0 /* Foundation.framework */,
				334BB19C181E14C7001E75A0 /* CoreGraphics.framework */,
				334BB19E181E14C7001E75A0 /* UIKit.framework */,
				334BB1A0181E14C7001E75A0 /* CoreData.framework */,
				334BB1B8181E14C7001E75A0 /* XCTest.framework */,
			);
			name = Frameworks;
			sourceTree = "<group>";
		};
		334BB1A2181E14C7001E75A0 /* Q-Do */ = {
			isa = PBXGroup;
			children = (
				334BB1AB181E14C7001E75A0 /* QDOAppDelegate.h */,
				334BB1AC181E14C7001E75A0 /* QDOAppDelegate.m */,
				334BB1B1181E14C7001E75A0 /* Images.xcassets */,
				334BB1AE181E14C7001E75A0 /* Q_Do.xcdatamodeld */,
				334BB1A3181E14C7001E75A0 /* Supporting Files */,
			);
			path = "Q-Do";
			sourceTree = "<group>";
		};
		334BB1A3181E14C7001E75A0 /* Supporting Files */ = {
			isa = PBXGroup;
			children = (
				334BB1A4181E14C7001E75A0 /* Q-Do-Info.plist */,
				334BB1A5181E14C7001E75A0 /* InfoPlist.strings */,
				334BB1A8181E14C7001E75A0 /* main.m */,
				334BB1AA181E14C7001E75A0 /* Q-Do-Prefix.pch */,
			);
			name = "Supporting Files";
			sourceTree = "<group>";
		};
		334BB1BF181E14C7001E75A0 /* Q-DoTests */ = {
			isa = PBXGroup;
			children = (
				334BB1C5181E14C7001E75A0 /* Q_DoTests.m */,
				334BB1C0181E14C7001E75A0 /* Supporting Files */,
			);
			path = "Q-DoTests";
			sourceTree = "<group>";
		};
		334BB1C0181E14C7001E75A0 /* Supporting Files */ = {
			isa = PBXGroup;
			children = (
				334BB1C1181E14C7001E75A0 /* Q-DoTests-Info.plist */,
				334BB1C2181E14C7001E75A0 /* InfoPlist.strings */,
			);
			name = "Supporting Files";
			sourceTree = "<group>";
		};
/* End PBXGroup section */

/* Begin PBXNativeTarget section */
		334BB196181E14C7001E75A0 /* Q-Do */ = {
			isa = PBXNativeTarget;
			buildConfigurationList = 334BB1C9181E14C7001E75A0 /* Build configuration list for PBXNativeTarget "Q-Do" */;
			buildPhases = (
				334BB193181E14C7001E75A0 /* Sources */,
				334BB194181E14C7001E75A0 /* Frameworks */,
				334BB195181E14C7001E75A0 /* Resources */,
			);
			buildRules = (
			);
			dependencies = (
			);
			name = "Q-Do";
			productName = "Q-Do";
			productReference = 334BB197181E14C7001E75A0 /* Q-Do.app */;
			productType = "com.apple.product-type.application";
		};
		334BB1B6181E14C7001E75A0 /* Q-DoTests */ = {
			isa = PBXNativeTarget;
			buildConfigurationList = 334BB1CC181E14C7001E75A0 /* Build configuration list for PBXNativeTarget "Q-DoTests" */;
			buildPhases = (
				334BB1B3181E14C7001E75A0 /* Sources */,
				334BB1B4181E14C7001E75A0 /* Frameworks */,
				334BB1B5181E14C7001E75A0 /* Resources */,
			);
			buildRules = (
			);
			dependencies = (
				334BB1BE181E14C7001E75A0 /* PBXTargetDependency */,
			);
			name = "Q-DoTests";
			productName = "Q-DoTests";
			productReference = 334BB1B7181E14C7001E75A0 /* Q-DoTests.xctest */;
			productType = "com.apple.product-type.bundle.unit-test";
		};
/* End PBXNativeTarget section */

/* Begin PBXProject section */
		334BB18F181E14C7001E75A0 /* Project object */ = {
			isa = PBXProject;
			attributes = {
				CLASSPREFIX = QDO;
				LastUpgradeCheck = 0500;
				ORGANIZATIONNAME = "Tanner Welsh";
				TargetAttributes = {
					334BB1B6181E14C7001E75A0 = {
						TestTargetID = 334BB196181E14C7001E75A0;
					};
				};
			};
			buildConfigurationList = 334BB192181E14C7001E75A0 /* Build configuration list for PBXProject "Q-Do" */;
			compatibilityVersion = "Xcode 3.2";
			developmentRegion = English;
			hasScannedForEncodings = 0;
			knownRegions = (
				en,
			);
			mainGroup = 334BB18E181E14C7001E75A0;
			productRefGroup = 334BB198181E14C7001E75A0 /* Products */;
			projectDirPath = "";
			projectRoot = "";
			targets = (
				334BB196181E14C7001E75A0 /* Q-Do */,
				334BB1B6181E14C7001E75A0 /* Q-DoTests */,
			);
		};
/* End PBXProject section */

/* Begin PBXResourcesBuildPhase section */
		334BB195181E14C7001E75A0 /* Resources */ = {
			isa = PBXResourcesBuildPhase;
			buildActionMask = 2147483647;
			files = (
				334BB1D0181E14D9001E75A0 /* Main.storyboard in Resources */,
				334BB1A7181E14C7001E75A0 /* InfoPlist.strings in Resources */,
				334BB1B2181E14C7001E75A0 /* Images.xcassets in Resources */,
			);
			runOnlyForDeploymentPostprocessing = 0;
		};
		334BB1B5181E14C7001E75A0 /* Resources */ = {
			isa = PBXResourcesBuildPhase;
			buildActionMask = 2147483647;
			files = (
				334BB1C4181E14C7001E75A0 /* InfoPlist.strings in Resources */,
			);
			runOnlyForDeploymentPostprocessing = 0;
		};
/* End PBXResourcesBuildPhase section */

/* Begin PBXSourcesBuildPhase section */
		334BB193181E14C7001E75A0 /* Sources */ = {
			isa = PBXSourcesBuildPhase;
			buildActionMask = 2147483647;
			files = (
				334BB1A9181E14C7001E75A0 /* main.m in Sources */,
				334BB1B0181E14C7001E75A0 /* Q_Do.xcdatamodeld in Sources */,
				334BB1AD181E14C7001E75A0 /* QDOAppDelegate.m in Sources */,
			);
			runOnlyForDeploymentPostprocessing = 0;
		};
		334BB1B3181E14C7001E75A0 /* Sources */ = {
			isa = PBXSourcesBuildPhase;
			buildActionMask = 2147483647;
			files = (
				334BB1C6181E14C7001E75A0 /* Q_DoTests.m in Sources */,
			);
			runOnlyForDeploymentPostprocessing = 0;
		};
/* End PBXSourcesBuildPhase section */

/* Begin PBXTargetDependency section */
		334BB1BE181E14C7001E75A0 /* PBXTargetDependency */ = {
			isa = PBXTargetDependency;
			target = 334BB196181E14C7001E75A0 /* Q-Do */;
			targetProxy = 334BB1BD181E14C7001E75A0 /* PBXContainerItemProxy */;
		};
/* End PBXTargetDependency section */

/* Begin PBXVariantGroup section */
		334BB1A5181E14C7001E75A0 /* InfoPlist.strings */ = {
			isa = PBXVariantGroup;
			children = (
				334BB1A6181E14C7001E75A0 /* en */,
			);
			name = InfoPlist.strings;
			sourceTree = "<group>";
		};
		334BB1C2181E14C7001E75A0 /* InfoPlist.strings */ = {
			isa = PBXVariantGroup;
			children = (
				334BB1C3181E14C7001E75A0 /* en */,
			);
			name = InfoPlist.strings;
			sourceTree = "<group>";
		};
/* End PBXVariantGroup section */

/* Begin XCBuildConfiguration section */
		334BB1C7181E14C7001E75A0 /* Debug */ = {
			isa = XCBuildConfiguration;
			buildSettings = {
				ALWAYS_SEARCH_USER_PATHS = NO;
				ARCHS = "$(ARCHS_STANDARD_INCLUDING_64_BIT)";
				CLANG_CXX_LANGUAGE_STANDARD = "gnu++0x";
				CLANG_CXX_LIBRARY = "libc++";
				CLANG_ENABLE_MODULES = YES;
				CLANG_ENABLE_OBJC_ARC = YES;
				CLANG_WARN_BOOL_CONVERSION = YES;
				CLANG_WARN_CONSTANT_CONVERSION = YES;
				CLANG_WARN_DIRECT_OBJC_ISA_USAGE = YES_ERROR;
				CLANG_WARN_EMPTY_BODY = YES;
				CLANG_WARN_ENUM_CONVERSION = YES;
				CLANG_WARN_INT_CONVERSION = YES;
				CLANG_WARN_OBJC_ROOT_CLASS = YES_ERROR;
				CLANG_WARN__DUPLICATE_METHOD_MATCH = YES;
				"CODE_SIGN_IDENTITY[sdk=iphoneos*]" = "iPhone Developer";
				COPY_PHASE_STRIP = NO;
				GCC_C_LANGUAGE_STANDARD = gnu99;
				GCC_DYNAMIC_NO_PIC = NO;
				GCC_OPTIMIZATION_LEVEL = 0;
				GCC_PREPROCESSOR_DEFINITIONS = (
					"DEBUG=1",
					"$(inherited)",
				);
				GCC_SYMBOLS_PRIVATE_EXTERN = NO;
				GCC_WARN_64_TO_32_BIT_CONVERSION = YES;
				GCC_WARN_ABOUT_RETURN_TYPE = YES_ERROR;
				GCC_WARN_UNDECLARED_SELECTOR = YES;
				GCC_WARN_UNINITIALIZED_AUTOS = YES;
				GCC_WARN_UNUSED_FUNCTION = YES;
				GCC_WARN_UNUSED_VARIABLE = YES;
				IPHONEOS_DEPLOYMENT_TARGET = 7.0;
				ONLY_ACTIVE_ARCH = YES;
				SDKROOT = iphoneos;
			};
			name = Debug;
		};
		334BB1C8181E14C7001E75A0 /* Release */ = {
			isa = XCBuildConfiguration;
			buildSettings = {
				ALWAYS_SEARCH_USER_PATHS = NO;
				ARCHS = "$(ARCHS_STANDARD_INCLUDING_64_BIT)";
				CLANG_CXX_LANGUAGE_STANDARD = "gnu++0x";
				CLANG_CXX_LIBRARY = "libc++";
				CLANG_ENABLE_MODULES = YES;
				CLANG_ENABLE_OBJC_ARC = YES;
				CLANG_WARN_BOOL_CONVERSION = YES;
				CLANG_WARN_CONSTANT_CONVERSION = YES;
				CLANG_WARN_DIRECT_OBJC_ISA_USAGE = YES_ERROR;
				CLANG_WARN_EMPTY_BODY = YES;
				CLANG_WARN_ENUM_CONVERSION = YES;
				CLANG_WARN_INT_CONVERSION = YES;
				CLANG_WARN_OBJC_ROOT_CLASS = YES_ERROR;
				CLANG_WARN__DUPLICATE_METHOD_MATCH = YES;
				"CODE_SIGN_IDENTITY[sdk=iphoneos*]" = "iPhone Developer";
				COPY_PHASE_STRIP = YES;
				ENABLE_NS_ASSERTIONS = NO;
				GCC_C_LANGUAGE_STANDARD = gnu99;
				GCC_WARN_64_TO_32_BIT_CONVERSION = YES;
				GCC_WARN_ABOUT_RETURN_TYPE = YES_ERROR;
				GCC_WARN_UNDECLARED_SELECTOR = YES;
				GCC_WARN_UNINITIALIZED_AUTOS = YES;
				GCC_WARN_UNUSED_FUNCTION = YES;
				GCC_WARN_UNUSED_VARIABLE = YES;
				IPHONEOS_DEPLOYMENT_TARGET = 7.0;
				SDKROOT = iphoneos;
				VALIDATE_PRODUCT = YES;
			};
			name = Release;
		};
		334BB1CA181E14C7001E75A0 /* Debug */ = {
			isa = XCBuildConfiguration;
			buildSettings = {
				ASSETCATALOG_COMPILER_APPICON_NAME = AppIcon;
				ASSETCATALOG_COMPILER_LAUNCHIMAGE_NAME = LaunchImage;
				GCC_PRECOMPILE_PREFIX_HEADER = YES;
				GCC_PREFIX_HEADER = "Q-Do/Q-Do-Prefix.pch";
				INFOPLIST_FILE = "Q-Do/Q-Do-Info.plist";
				PRODUCT_NAME = "$(TARGET_NAME)";
				WRAPPER_EXTENSION = app;
			};
			name = Debug;
		};
		334BB1CB181E14C7001E75A0 /* Release */ = {
			isa = XCBuildConfiguration;
			buildSettings = {
				ASSETCATALOG_COMPILER_APPICON_NAME = AppIcon;
				ASSETCATALOG_COMPILER_LAUNCHIMAGE_NAME = LaunchImage;
				GCC_PRECOMPILE_PREFIX_HEADER = YES;
				GCC_PREFIX_HEADER = "Q-Do/Q-Do-Prefix.pch";
				INFOPLIST_FILE = "Q-Do/Q-Do-Info.plist";
				PRODUCT_NAME = "$(TARGET_NAME)";
				WRAPPER_EXTENSION = app;
			};
			name = Release;
		};
		334BB1CD181E14C7001E75A0 /* Debug */ = {
			isa = XCBuildConfiguration;
			buildSettings = {
				ARCHS = "$(ARCHS_STANDARD_INCLUDING_64_BIT)";
				BUNDLE_LOADER = "$(BUILT_PRODUCTS_DIR)/Q-Do.app/Q-Do";
				FRAMEWORK_SEARCH_PATHS = (
					"$(SDKROOT)/Developer/Library/Frameworks",
					"$(inherited)",
					"$(DEVELOPER_FRAMEWORKS_DIR)",
				);
				GCC_PRECOMPILE_PREFIX_HEADER = YES;
				GCC_PREFIX_HEADER = "Q-Do/Q-Do-Prefix.pch";
				GCC_PREPROCESSOR_DEFINITIONS = (
					"DEBUG=1",
					"$(inherited)",
				);
				INFOPLIST_FILE = "Q-DoTests/Q-DoTests-Info.plist";
				PRODUCT_NAME = "$(TARGET_NAME)";
				TEST_HOST = "$(BUNDLE_LOADER)";
				WRAPPER_EXTENSION = xctest;
			};
			name = Debug;
		};
		334BB1CE181E14C7001E75A0 /* Release */ = {
			isa = XCBuildConfiguration;
			buildSettings = {
				ARCHS = "$(ARCHS_STANDARD_INCLUDING_64_BIT)";
				BUNDLE_LOADER = "$(BUILT_PRODUCTS_DIR)/Q-Do.app/Q-Do";
				FRAMEWORK_SEARCH_PATHS = (
					"$(SDKROOT)/Developer/Library/Frameworks",
					"$(inherited)",
					"$(DEVELOPER_FRAMEWORKS_DIR)",
				);
				GCC_PRECOMPILE_PREFIX_HEADER = YES;
				GCC_PREFIX_HEADER = "Q-Do/Q-Do-Prefix.pch";
				INFOPLIST_FILE = "Q-DoTests/Q-DoTests-Info.plist";
				PRODUCT_NAME = "$(TARGET_NAME)";
				TEST_HOST = "$(BUNDLE_LOADER)";
				WRAPPER_EXTENSION = xctest;
			};
			name = Release;
		};
/* End XCBuildConfiguration section */

/* Begin XCConfigurationList section */
		334BB192181E14C7001E75A0 /* Build configuration list for PBXProject "Q-Do" */ = {
			isa = XCConfigurationList;
			buildConfigurations = (
				334BB1C7181E14C7001E75A0 /* Debug */,
				334BB1C8181E14C7001E75A0 /* Release */,
			);
			defaultConfigurationIsVisible = 0;
			defaultConfigurationName = Release;
		};
		334BB1C9181E14C7001E75A0 /* Build configuration list for PBXNativeTarget "Q-Do" */ = {
			isa = XCConfigurationList;
			buildConfigurations = (
				334BB1CA181E14C7001E75A0 /* Debug */,
				334BB1CB181E14C7001E75A0 /* Release */,
			);
			defaultConfigurationIsVisible = 0;
		};
		334BB1CC181E14C7001E75A0 /* Build configuration list for PBXNativeTarget "Q-DoTests" */ = {
			isa = XCConfigurationList;
			buildConfigurations = (
				334BB1CD181E14C7001E75A0 /* Debug */,
				334BB1CE181E14C7001E75A0 /* Release */,
			);
			defaultConfigurationIsVisible = 0;
		};
/* End XCConfigurationList section */

/* Begin XCVersionGroup section */
		334BB1AE181E14C7001E75A0 /* Q_Do.xcdatamodeld */ = {
			isa = XCVersionGroup;
			children = (
				334BB1AF181E14C7001E75A0 /* Q_Do.xcdatamodel */,
			);
			currentVersion = 334BB1AF181E14C7001E75A0 /* Q_Do.xcdatamodel */;
			path = Q_Do.xcdatamodeld;
			sourceTree = "<group>";
			versionGroupType = wrapper.xcdatamodel;
		};
/* End XCVersionGroup section */
	};
	rootObject = 334BB18F181E14C7001E75A0 /* Project object */;
}
